
Microsoft Visual Studio Solution File, Format Version 12.00
# Visual Studio Version 17
VisualStudioVersion = 17.2.32616.157
MinimumVisualStudioVersion = 10.0.40219.1
Project("{FAE04EC0-301F-11D3-BF4B-00C04F79EFBC}") = "SVNSkillFactory115", "SVNSkillFactory115.csproj", "{111170C3-388F-48A2-83B2-6C6A3EE0465E}"
EndProject
Project("{2150E333-8FDC-42A3-9474-1A3956D46DE8}") = "Элементы решения", "Элементы решения", "{DFF7DEBE-7097-4C40-A225-28F55C9C261C}"
	ProjectSection(SolutionItems) = preProject
		.gitignore = .gitignore
		README.md = README.md
	EndProjectSection
EndProject
Global
	GlobalSection(SolutionConfigurationPlatforms) = preSolution
		Debug|Any CPU = Debug|Any CPU
		Release|Any CPU = Release|Any CPU
	EndGlobalSection
	GlobalSection(ProjectConfigurationPlatforms) = postSolution
		{111170C3-388F-48A2-83B2-6C6A3EE0465E}.Debug|Any CPU.ActiveCfg = Debug|Any CPU
		{111170C3-388F-48A2-83B2-6C6A3EE0465E}.Debug|Any CPU.Build.0 = Debug|Any CPU
		{111170C3-388F-48A2-83B2-6C6A3EE0465E}.Release|Any CPU.ActiveCfg = Release|Any CPU
		{111170C3-388F-48A2-83B2-6C6A3EE0465E}.Release|Any CPU.Build.0 = Release|Any CPU
	EndGlobalSection
	GlobalSection(SolutionProperties) = preSolution
		HideSolutionNode = FALSE
	EndGlobalSection
	GlobalSection(ExtensibilityGlobals) = postSolution
		SolutionGuid = {977F9A8D-562D-4B98-AE8D-F150421C10A3}
	EndGlobalSection
EndGlobal
